
Microsoft Visual Studio Solution File, Format Version 12.00
# Visual Studio 2012
Project("{FAE04EC0-301F-11D3-BF4B-00C04F79EFBC}") = "CaseExportAndCommands", "CaseExportAndCommands\CaseExportAndCommands.csproj", "{989A911B-F4CF-4D47-96C2-979A8452841B}"
EndProject
Global
	GlobalSection(SolutionConfigurationPlatforms) = preSolution
		Debug|Any CPU = Debug|Any CPU
		Release|Any CPU = Release|Any CPU
	EndGlobalSection
	GlobalSection(ProjectConfigurationPlatforms) = postSolution
		{989A911B-F4CF-4D47-96C2-979A8452841B}.Debug|Any CPU.ActiveCfg = Debug|Any CPU
		{989A911B-F4CF-4D47-96C2-979A8452841B}.Debug|Any CPU.Build.0 = Debug|Any CPU
		{989A911B-F4CF-4D47-96C2-979A8452841B}.Release|Any CPU.ActiveCfg = Release|Any CPU
		{989A911B-F4CF-4D47-96C2-979A8452841B}.Release|Any CPU.Build.0 = Release|Any CPU
	EndGlobalSection
	GlobalSection(SolutionProperties) = preSolution
		HideSolutionNode = FALSE
	EndGlobalSection
EndGlobal
